// !$*UTF8*$!
{
	archiveVersion = 1;
	classes = {
	};
	objectVersion = 46;
	objects = {

/* Begin PBXBuildFile section */
		4668885B1B9049DA002D97B7 /* AppDelegate.swift in Sources */ = {isa = PBXBuildFile; fileRef = 4668885A1B9049DA002D97B7 /* AppDelegate.swift */; };
		4668885D1B9049DA002D97B7 /* LoginViewController.swift in Sources */ = {isa = PBXBuildFile; fileRef = 4668885C1B9049DA002D97B7 /* LoginViewController.swift */; };
		466888601B9049DA002D97B7 /* Main.storyboard in Resources */ = {isa = PBXBuildFile; fileRef = 4668885E1B9049DA002D97B7 /* Main.storyboard */; };
		466888621B9049DA002D97B7 /* Images.xcassets in Resources */ = {isa = PBXBuildFile; fileRef = 466888611B9049DA002D97B7 /* Images.xcassets */; };
		466888651B9049DA002D97B7 /* LaunchScreen.xib in Resources */ = {isa = PBXBuildFile; fileRef = 466888631B9049DA002D97B7 /* LaunchScreen.xib */; };
		466888711B9049DA002D97B7 /* ontheMapTests.swift in Sources */ = {isa = PBXBuildFile; fileRef = 466888701B9049DA002D97B7 /* ontheMapTests.swift */; };
		4668887E1B907AA5002D97B7 /* OTMClinet.swift in Sources */ = {isa = PBXBuildFile; fileRef = 4668887D1B907AA5002D97B7 /* OTMClinet.swift */; };
		466888801B907AD9002D97B7 /* OTMConstants.swift in Sources */ = {isa = PBXBuildFile; fileRef = 4668887F1B907AD9002D97B7 /* OTMConstants.swift */; };
		466888821B907AF5002D97B7 /* OTMConvenience.swift in Sources */ = {isa = PBXBuildFile; fileRef = 466888811B907AF5002D97B7 /* OTMConvenience.swift */; };
		466888841B932DC8002D97B7 /* StudentInformation.swift in Sources */ = {isa = PBXBuildFile; fileRef = 466888831B932DC8002D97B7 /* StudentInformation.swift */; };
		466888861B933293002D97B7 /* WebViewController.swift in Sources */ = {isa = PBXBuildFile; fileRef = 466888851B933293002D97B7 /* WebViewController.swift */; };
		466888881B937BA6002D97B7 /* MapViewController.swift in Sources */ = {isa = PBXBuildFile; fileRef = 466888871B937BA6002D97B7 /* MapViewController.swift */; };
		4668888A1B937BB2002D97B7 /* TableViewController.swift in Sources */ = {isa = PBXBuildFile; fileRef = 466888891B937BB2002D97B7 /* TableViewController.swift */; };
		4668888E1B945C3D002D97B7 /* InformationPostingViewController.swift in Sources */ = {isa = PBXBuildFile; fileRef = 4668888D1B945C3D002D97B7 /* InformationPostingViewController.swift */; };
/* End PBXBuildFile section */

/* Begin PBXContainerItemProxy section */
		4668886B1B9049DA002D97B7 /* PBXContainerItemProxy */ = {
			isa = PBXContainerItemProxy;
			containerPortal = 4668884D1B9049DA002D97B7 /* Project object */;
			proxyType = 1;
			remoteGlobalIDString = 466888541B9049DA002D97B7;
			remoteInfo = ontheMap;
		};
/* End PBXContainerItemProxy section */

/* Begin PBXFileReference section */
		466888551B9049DA002D97B7 /* ontheMap.app */ = {isa = PBXFileReference; explicitFileType = wrapper.application; includeInIndex = 0; path = ontheMap.app; sourceTree = BUILT_PRODUCTS_DIR; };
		466888591B9049DA002D97B7 /* Info.plist */ = {isa = PBXFileReference; lastKnownFileType = text.plist.xml; path = Info.plist; sourceTree = "<group>"; };
		4668885A1B9049DA002D97B7 /* AppDelegate.swift */ = {isa = PBXFileReference; lastKnownFileType = sourcecode.swift; path = AppDelegate.swift; sourceTree = "<group>"; };
		4668885C1B9049DA002D97B7 /* LoginViewController.swift */ = {isa = PBXFileReference; lastKnownFileType = sourcecode.swift; path = LoginViewController.swift; sourceTree = "<group>"; };
		4668885F1B9049DA002D97B7 /* Base */ = {isa = PBXFileReference; lastKnownFileType = file.storyboard; name = Base; path = Base.lproj/Main.storyboard; sourceTree = "<group>"; };
		466888611B9049DA002D97B7 /* Images.xcassets */ = {isa = PBXFileReference; lastKnownFileType = folder.assetcatalog; path = Images.xcassets; sourceTree = "<group>"; };
		466888641B9049DA002D97B7 /* Base */ = {isa = PBXFileReference; lastKnownFileType = file.xib; name = Base; path = Base.lproj/LaunchScreen.xib; sourceTree = "<group>"; };
		4668886A1B9049DA002D97B7 /* ontheMapTests.xctest */ = {isa = PBXFileReference; explicitFileType = wrapper.cfbundle; includeInIndex = 0; path = ontheMapTests.xctest; sourceTree = BUILT_PRODUCTS_DIR; };
		4668886F1B9049DA002D97B7 /* Info.plist */ = {isa = PBXFileReference; lastKnownFileType = text.plist.xml; path = Info.plist; sourceTree = "<group>"; };
		466888701B9049DA002D97B7 /* ontheMapTests.swift */ = {isa = PBXFileReference; lastKnownFileType = sourcecode.swift; path = ontheMapTests.swift; sourceTree = "<group>"; };
		4668887D1B907AA5002D97B7 /* OTMClinet.swift */ = {isa = PBXFileReference; fileEncoding = 4; lastKnownFileType = sourcecode.swift; path = OTMClinet.swift; sourceTree = "<group>"; };
		4668887F1B907AD9002D97B7 /* OTMConstants.swift */ = {isa = PBXFileReference; fileEncoding = 4; lastKnownFileType = sourcecode.swift; path = OTMConstants.swift; sourceTree = "<group>"; };
		466888811B907AF5002D97B7 /* OTMConvenience.swift */ = {isa = PBXFileReference; fileEncoding = 4; lastKnownFileType = sourcecode.swift; path = OTMConvenience.swift; sourceTree = "<group>"; };
		466888831B932DC8002D97B7 /* StudentInformation.swift */ = {isa = PBXFileReference; fileEncoding = 4; lastKnownFileType = sourcecode.swift; path = StudentInformation.swift; sourceTree = "<group>"; };
		466888851B933293002D97B7 /* WebViewController.swift */ = {isa = PBXFileReference; fileEncoding = 4; lastKnownFileType = sourcecode.swift; path = WebViewController.swift; sourceTree = "<group>"; };
		466888871B937BA6002D97B7 /* MapViewController.swift */ = {isa = PBXFileReference; fileEncoding = 4; lastKnownFileType = sourcecode.swift; path = MapViewController.swift; sourceTree = "<group>"; };
		466888891B937BB2002D97B7 /* TableViewController.swift */ = {isa = PBXFileReference; fileEncoding = 4; lastKnownFileType = sourcecode.swift; path = TableViewController.swift; sourceTree = "<group>"; };
		4668888D1B945C3D002D97B7 /* InformationPostingViewController.swift */ = {isa = PBXFileReference; fileEncoding = 4; lastKnownFileType = sourcecode.swift; path = InformationPostingViewController.swift; sourceTree = "<group>"; };
/* End PBXFileReference section */

/* Begin PBXFrameworksBuildPhase section */
		466888521B9049DA002D97B7 /* Frameworks */ = {
			isa = PBXFrameworksBuildPhase;
			buildActionMask = 2147483647;
			files = (
			);
			runOnlyForDeploymentPostprocessing = 0;
		};
		466888671B9049DA002D97B7 /* Frameworks */ = {
			isa = PBXFrameworksBuildPhase;
			buildActionMask = 2147483647;
			files = (
			);
			runOnlyForDeploymentPostprocessing = 0;
		};
/* End PBXFrameworksBuildPhase section */

/* Begin PBXGroup section */
		4668884C1B9049DA002D97B7 = {
			isa = PBXGroup;
			children = (
				466888571B9049DA002D97B7 /* ontheMap */,
				4668886D1B9049DA002D97B7 /* ontheMapTests */,
				466888561B9049DA002D97B7 /* Products */,
			);
			sourceTree = "<group>";
		};
		466888561B9049DA002D97B7 /* Products */ = {
			isa = PBXGroup;
			children = (
				466888551B9049DA002D97B7 /* ontheMap.app */,
				4668886A1B9049DA002D97B7 /* ontheMapTests.xctest */,
			);
			name = Products;
			sourceTree = "<group>";
		};
		466888571B9049DA002D97B7 /* ontheMap */ = {
			isa = PBXGroup;
			children = (
				4668887C1B904A12002D97B7 /* Model */,
				4668887B1B9049FA002D97B7 /* Controller */,
				4668887A1B9049F3002D97B7 /* View */,
				4668885A1B9049DA002D97B7 /* AppDelegate.swift */,
				4668885E1B9049DA002D97B7 /* Main.storyboard */,
				466888611B9049DA002D97B7 /* Images.xcassets */,
				466888631B9049DA002D97B7 /* LaunchScreen.xib */,
				466888581B9049DA002D97B7 /* Supporting Files */,
			);
			path = ontheMap;
			sourceTree = "<group>";
		};
		466888581B9049DA002D97B7 /* Supporting Files */ = {
			isa = PBXGroup;
			children = (
				466888591B9049DA002D97B7 /* Info.plist */,
			);
			name = "Supporting Files";
			sourceTree = "<group>";
		};
		4668886D1B9049DA002D97B7 /* ontheMapTests */ = {
			isa = PBXGroup;
			children = (
				466888701B9049DA002D97B7 /* ontheMapTests.swift */,
				4668886E1B9049DA002D97B7 /* Supporting Files */,
			);
			path = ontheMapTests;
			sourceTree = "<group>";
		};
		4668886E1B9049DA002D97B7 /* Supporting Files */ = {
			isa = PBXGroup;
			children = (
				4668886F1B9049DA002D97B7 /* Info.plist */,
			);
			name = "Supporting Files";
			sourceTree = "<group>";
		};
		4668887A1B9049F3002D97B7 /* View */ = {
			isa = PBXGroup;
			children = (
			);
			name = View;
			sourceTree = "<group>";
		};
		4668887B1B9049FA002D97B7 /* Controller */ = {
			isa = PBXGroup;
			children = (
				4668885C1B9049DA002D97B7 /* LoginViewController.swift */,
				466888851B933293002D97B7 /* WebViewController.swift */,
				466888871B937BA6002D97B7 /* MapViewController.swift */,
				466888891B937BB2002D97B7 /* TableViewController.swift */,
				4668888D1B945C3D002D97B7 /* InformationPostingViewController.swift */,
			);
			name = Controller;
			sourceTree = "<group>";
		};
		4668887C1B904A12002D97B7 /* Model */ = {
			isa = PBXGroup;
			children = (
				4668887D1B907AA5002D97B7 /* OTMClinet.swift */,
				4668887F1B907AD9002D97B7 /* OTMConstants.swift */,
				466888811B907AF5002D97B7 /* OTMConvenience.swift */,
				466888831B932DC8002D97B7 /* StudentInformation.swift */,
			);
			name = Model;
			sourceTree = "<group>";
		};
/* End PBXGroup section */

/* Begin PBXNativeTarget section */
		466888541B9049DA002D97B7 /* ontheMap */ = {
			isa = PBXNativeTarget;
			buildConfigurationList = 466888741B9049DA002D97B7 /* Build configuration list for PBXNativeTarget "ontheMap" */;
			buildPhases = (
				466888511B9049DA002D97B7 /* Sources */,
				466888521B9049DA002D97B7 /* Frameworks */,
				466888531B9049DA002D97B7 /* Resources */,
			);
			buildRules = (
			);
			dependencies = (
			);
			name = ontheMap;
			productName = ontheMap;
			productReference = 466888551B9049DA002D97B7 /* ontheMap.app */;
			productType = "com.apple.product-type.application";
		};
		466888691B9049DA002D97B7 /* ontheMapTests */ = {
			isa = PBXNativeTarget;
			buildConfigurationList = 466888771B9049DA002D97B7 /* Build configuration list for PBXNativeTarget "ontheMapTests" */;
			buildPhases = (
				466888661B9049DA002D97B7 /* Sources */,
				466888671B9049DA002D97B7 /* Frameworks */,
				466888681B9049DA002D97B7 /* Resources */,
			);
			buildRules = (
			);
			dependencies = (
				4668886C1B9049DA002D97B7 /* PBXTargetDependency */,
			);
			name = ontheMapTests;
			productName = ontheMapTests;
			productReference = 4668886A1B9049DA002D97B7 /* ontheMapTests.xctest */;
			productType = "com.apple.product-type.bundle.unit-test";
		};
/* End PBXNativeTarget section */

/* Begin PBXProject section */
		4668884D1B9049DA002D97B7 /* Project object */ = {
			isa = PBXProject;
			attributes = {
				LastSwiftUpdateCheck = 0700;
				LastUpgradeCheck = 0810;
				ORGANIZATIONNAME = Udacity;
				TargetAttributes = {
					466888541B9049DA002D97B7 = {
						CreatedOnToolsVersion = 6.4;
						LastSwiftMigration = 0810;
					};
					466888691B9049DA002D97B7 = {
						CreatedOnToolsVersion = 6.4;
						LastSwiftMigration = 0810;
						TestTargetID = 466888541B9049DA002D97B7;
					};
				};
			};
			buildConfigurationList = 466888501B9049DA002D97B7 /* Build configuration list for PBXProject "ontheMap" */;
			compatibilityVersion = "Xcode 3.2";
			developmentRegion = English;
			hasScannedForEncodings = 0;
			knownRegions = (
				en,
				Base,
			);
			mainGroup = 4668884C1B9049DA002D97B7;
			productRefGroup = 466888561B9049DA002D97B7 /* Products */;
			projectDirPath = "";
			projectRoot = "";
			targets = (
				466888541B9049DA002D97B7 /* ontheMap */,
				466888691B9049DA002D97B7 /* ontheMapTests */,
			);
		};
/* End PBXProject section */

/* Begin PBXResourcesBuildPhase section */
		466888531B9049DA002D97B7 /* Resources */ = {
			isa = PBXResourcesBuildPhase;
			buildActionMask = 2147483647;
			files = (
				466888601B9049DA002D97B7 /* Main.storyboard in Resources */,
				466888651B9049DA002D97B7 /* LaunchScreen.xib in Resources */,
				466888621B9049DA002D97B7 /* Images.xcassets in Resources */,
			);
			runOnlyForDeploymentPostprocessing = 0;
		};
		466888681B9049DA002D97B7 /* Resources */ = {
			isa = PBXResourcesBuildPhase;
			buildActionMask = 2147483647;
			files = (
			);
			runOnlyForDeploymentPostprocessing = 0;
		};
/* End PBXResourcesBuildPhase section */

/* Begin PBXSourcesBuildPhase section */
		466888511B9049DA002D97B7 /* Sources */ = {
			isa = PBXSourcesBuildPhase;
			buildActionMask = 2147483647;
			files = (
				466888841B932DC8002D97B7 /* StudentInformation.swift in Sources */,
				466888821B907AF5002D97B7 /* OTMConvenience.swift in Sources */,
				4668887E1B907AA5002D97B7 /* OTMClinet.swift in Sources */,
				4668885D1B9049DA002D97B7 /* LoginViewController.swift in Sources */,
				466888861B933293002D97B7 /* WebViewController.swift in Sources */,
				466888801B907AD9002D97B7 /* OTMConstants.swift in Sources */,
				4668888E1B945C3D002D97B7 /* InformationPostingViewController.swift in Sources */,
				4668885B1B9049DA002D97B7 /* AppDelegate.swift in Sources */,
				4668888A1B937BB2002D97B7 /* TableViewController.swift in Sources */,
				466888881B937BA6002D97B7 /* MapViewController.swift in Sources */,
			);
			runOnlyForDeploymentPostprocessing = 0;
		};
		466888661B9049DA002D97B7 /* Sources */ = {
			isa = PBXSourcesBuildPhase;
			buildActionMask = 2147483647;
			files = (
				466888711B9049DA002D97B7 /* ontheMapTests.swift in Sources */,
			);
			runOnlyForDeploymentPostprocessing = 0;
		};
/* End PBXSourcesBuildPhase section */

/* Begin PBXTargetDependency section */
		4668886C1B9049DA002D97B7 /* PBXTargetDependency */ = {
			isa = PBXTargetDependency;
			target = 466888541B9049DA002D97B7 /* ontheMap */;
			targetProxy = 4668886B1B9049DA002D97B7 /* PBXContainerItemProxy */;
		};
/* End PBXTargetDependency section */

/* Begin PBXVariantGroup section */
		4668885E1B9049DA002D97B7 /* Main.storyboard */ = {
			isa = PBXVariantGroup;
			children = (
				4668885F1B9049DA002D97B7 /* Base */,
			);
			name = Main.storyboard;
			sourceTree = "<group>";
		};
		466888631B9049DA002D97B7 /* LaunchScreen.xib */ = {
			isa = PBXVariantGroup;
			children = (
				466888641B9049DA002D97B7 /* Base */,
			);
			name = LaunchScreen.xib;
			sourceTree = "<group>";
		};
/* End PBXVariantGroup section */

/* Begin XCBuildConfiguration section */
		466888721B9049DA002D97B7 /* Debug */ = {
			isa = XCBuildConfiguration;
			buildSettings = {
				ALWAYS_SEARCH_USER_PATHS = NO;
				CLANG_CXX_LANGUAGE_STANDARD = "gnu++0x";
				CLANG_CXX_LIBRARY = "libc++";
				CLANG_ENABLE_MODULES = YES;
				CLANG_ENABLE_OBJC_ARC = YES;
				CLANG_WARN_BOOL_CONVERSION = YES;
				CLANG_WARN_CONSTANT_CONVERSION = YES;
				CLANG_WARN_DIRECT_OBJC_ISA_USAGE = YES_ERROR;
				CLANG_WARN_EMPTY_BODY = YES;
				CLANG_WARN_ENUM_CONVERSION = YES;
				CLANG_WARN_INFINITE_RECURSION = YES;
				CLANG_WARN_INT_CONVERSION = YES;
				CLANG_WARN_OBJC_ROOT_CLASS = YES_ERROR;
				CLANG_WARN_SUSPICIOUS_MOVE = YES;
				CLANG_WARN_UNREACHABLE_CODE = YES;
				CLANG_WARN__DUPLICATE_METHOD_MATCH = YES;
				"CODE_SIGN_IDENTITY[sdk=iphoneos*]" = "iPhone Developer";
				COPY_PHASE_STRIP = NO;
				DEBUG_INFORMATION_FORMAT = "dwarf-with-dsym";
				ENABLE_STRICT_OBJC_MSGSEND = YES;
				ENABLE_TESTABILITY = YES;
				GCC_C_LANGUAGE_STANDARD = gnu99;
				GCC_DYNAMIC_NO_PIC = NO;
				GCC_NO_COMMON_BLOCKS = YES;
				GCC_OPTIMIZATION_LEVEL = 0;
				GCC_PREPROCESSOR_DEFINITIONS = (
					"DEBUG=1",
					"$(inherited)",
				);
				GCC_SYMBOLS_PRIVATE_EXTERN = NO;
				GCC_WARN_64_TO_32_BIT_CONVERSION = YES;
				GCC_WARN_ABOUT_RETURN_TYPE = YES_ERROR;
				GCC_WARN_UNDECLARED_SELECTOR = YES;
				GCC_WARN_UNINITIALIZED_AUTOS = YES_AGGRESSIVE;
				GCC_WARN_UNUSED_FUNCTION = YES;
				GCC_WARN_UNUSED_VARIABLE = YES;
				IPHONEOS_DEPLOYMENT_TARGET = 9.2;
				MTL_ENABLE_DEBUG_INFO = YES;
				ONLY_ACTIVE_ARCH = YES;
				SDKROOT = iphoneos;
				SWIFT_OPTIMIZATION_LEVEL = "-Onone";
			};
			name = Debug;
		};
		466888731B9049DA002D97B7 /* Release */ = {
			isa = XCBuildConfiguration;
			buildSettings = {
				ALWAYS_SEARCH_USER_PATHS = NO;
				CLANG_CXX_LANGUAGE_STANDARD = "gnu++0x";
				CLANG_CXX_LIBRARY = "libc++";
				CLANG_ENABLE_MODULES = YES;
				CLANG_ENABLE_OBJC_ARC = YES;
				CLANG_WARN_BOOL_CONVERSION = YES;
				CLANG_WARN_CONSTANT_CONVERSION = YES;
				CLANG_WARN_DIRECT_OBJC_ISA_USAGE = YES_ERROR;
				CLANG_WARN_EMPTY_BODY = YES;
				CLANG_WARN_ENUM_CONVERSION = YES;
				CLANG_WARN_INFINITE_RECURSION = YES;
				CLANG_WARN_INT_CONVERSION = YES;
				CLANG_WARN_OBJC_ROOT_CLASS = YES_ERROR;
				CLANG_WARN_SUSPICIOUS_MOVE = YES;
				CLANG_WARN_UNREACHABLE_CODE = YES;
				CLANG_WARN__DUPLICATE_METHOD_MATCH = YES;
				"CODE_SIGN_IDENTITY[sdk=iphoneos*]" = "iPhone Developer";
				COPY_PHASE_STRIP = NO;
				DEBUG_INFORMATION_FORMAT = "dwarf-with-dsym";
				ENABLE_NS_ASSERTIONS = NO;
				ENABLE_STRICT_OBJC_MSGSEND = YES;
				GCC_C_LANGUAGE_STANDARD = gnu99;
				GCC_NO_COMMON_BLOCKS = YES;
				GCC_WARN_64_TO_32_BIT_CONVERSION = YES;
				GCC_WARN_ABOUT_RETURN_TYPE = YES_ERROR;
				GCC_WARN_UNDECLARED_SELECTOR = YES;
				GCC_WARN_UNINITIALIZED_AUTOS = YES_AGGRESSIVE;
				GCC_WARN_UNUSED_FUNCTION = YES;
				GCC_WARN_UNUSED_VARIABLE = YES;
				IPHONEOS_DEPLOYMENT_TARGET = 9.2;
				MTL_ENABLE_DEBUG_INFO = NO;
				SDKROOT = iphoneos;
				SWIFT_OPTIMIZATION_LEVEL = "-Owholemodule";
				VALIDATE_PRODUCT = YES;
			};
			name = Release;
		};
		466888751B9049DA002D97B7 /* Debug */ = {
			isa = XCBuildConfiguration;
			buildSettings = {
				ASSETCATALOG_COMPILER_APPICON_NAME = AppIcon;
				INFOPLIST_FILE = ontheMap/Info.plist;
				LD_RUNPATH_SEARCH_PATHS = "$(inherited) @executable_path/Frameworks";
				PRODUCT_BUNDLE_IDENTIFIER = "com.udacity.$(PRODUCT_NAME:rfc1034identifier)";
				PRODUCT_NAME = "$(TARGET_NAME)";
				SWIFT_VERSION = 3.0;
			};
			name = Debug;
		};
		466888761B9049DA002D97B7 /* Release */ = {
			isa = XCBuildConfiguration;
			buildSettings = {
				ASSETCATALOG_COMPILER_APPICON_NAME = AppIcon;
				INFOPLIST_FILE = ontheMap/Info.plist;
				LD_RUNPATH_SEARCH_PATHS = "$(inherited) @executable_path/Frameworks";
				PRODUCT_BUNDLE_IDENTIFIER = "com.udacity.$(PRODUCT_NAME:rfc1034identifier)";
				PRODUCT_NAME = "$(TARGET_NAME)";
				SWIFT_VERSION = 3.0;
			};
			name = Release;
		};
		466888781B9049DA002D97B7 /* Debug */ = {
			isa = XCBuildConfiguration;
			buildSettings = {
				BUNDLE_LOADER = "$(TEST_HOST)";
				FRAMEWORK_SEARCH_PATHS = (
					"$(SDKROOT)/Developer/Library/Frameworks",
					"$(inherited)",
				);
				GCC_PREPROCESSOR_DEFINITIONS = (
					"DEBUG=1",
					"$(inherited)",
				);
				INFOPLIST_FILE = ontheMapTests/Info.plist;
				LD_RUNPATH_SEARCH_PATHS = "$(inherited) @executable_path/Frameworks @loader_path/Frameworks";
				PRODUCT_BUNDLE_IDENTIFIER = "com.udacity.$(PRODUCT_NAME:rfc1034identifier)";
				PRODUCT_NAME = "$(TARGET_NAME)";
				SWIFT_VERSION = 3.0;
				TEST_HOST = "$(BUILT_PRODUCTS_DIR)/ontheMap.app/ontheMap";
			};
			name = Debug;
		};
		466888791B9049DA002D97B7 /* Release */ = {
			isa = XCBuildConfiguration;
			buildSettings = {
				BUNDLE_LOADER = "$(TEST_HOST)";
				FRAMEWORK_SEARCH_PATHS = (
					"$(SDKROOT)/Developer/Library/Frameworks",
					"$(inherited)",
				);
				INFOPLIST_FILE = ontheMapTests/Info.plist;
				LD_RUNPATH_SEARCH_PATHS = "$(inherited) @executable_path/Frameworks @loader_path/Frameworks";
				PRODUCT_BUNDLE_IDENTIFIER = "com.udacity.$(PRODUCT_NAME:rfc1034identifier)";
				PRODUCT_NAME = "$(TARGET_NAME)";
				SWIFT_VERSION = 3.0;
				TEST_HOST = "$(BUILT_PRODUCTS_DIR)/ontheMap.app/ontheMap";
			};
			name = Release;
		};
/* End XCBuildConfiguration section */

/* Begin XCConfigurationList section */
		466888501B9049DA002D97B7 /* Build configuration list for PBXProject "ontheMap" */ = {
			isa = XCConfigurationList;
			buildConfigurations = (
				466888721B9049DA002D97B7 /* Debug */,
				466888731B9049DA002D97B7 /* Release */,
			);
			defaultConfigurationIsVisible = 0;
			defaultConfigurationName = Release;
		};
		466888741B9049DA002D97B7 /* Build configuration list for PBXNativeTarget "ontheMap" */ = {
			isa = XCConfigurationList;
			buildConfigurations = (
				466888751B9049DA002D97B7 /* Debug */,
				466888761B9049DA002D97B7 /* Release */,
			);
			defaultConfigurationIsVisible = 0;
			defaultConfigurationName = Release;
		};
		466888771B9049DA002D97B7 /* Build configuration list for PBXNativeTarget "ontheMapTests" */ = {
			isa = XCConfigurationList;
			buildConfigurations = (
				466888781B9049DA002D97B7 /* Debug */,
				466888791B9049DA002D97B7 /* Release */,
			);
			defaultConfigurationIsVisible = 0;
			defaultConfigurationName = Release;
		};
/* End XCConfigurationList section */
	};
	rootObject = 4668884D1B9049DA002D97B7 /* Project object */;
}
